
Microsoft Visual Studio Solution File, Format Version 12.00
# Visual Studio 2012
Project("{2150E333-8FDC-42A3-9474-1A3956D46DE8}") = "_Libs", "_Libs", "{F96F8800-01E2-4D3A-8865-9584482F46BC}"
EndProject
Project("{8BC9CEB8-8B4A-11D0-8D11-00A0C91BC942}") = "Game", "Game\Game.vcxproj", "{C0BED050-044F-418F-ADC9-A391DE636599}"
	ProjectSection(ProjectDependencies) = postProject
		{8445D5A3-6B43-43E5-831B-8647D2BFDCD6} = {8445D5A3-6B43-43E5-831B-8647D2BFDCD6}
	EndProjectSection
EndProject
Project("{8BC9CEB8-8B4A-11D0-8D11-00A0C91BC942}") = "File", "File\File.vcxproj", "{7064F73B-5000-4157-A2AA-6884A9B5BFF4}"
EndProject
Project("{8BC9CEB8-8B4A-11D0-8D11-00A0C91BC942}") = "Math", "Math\Math.vcxproj", "{FD013127-08DA-4CF6-A945-A90B94D65E17}"
EndProject
Project("{8BC9CEB8-8B4A-11D0-8D11-00A0C91BC942}") = "Time", "Time\Time.vcxproj", "{585CE0E6-1593-4BF1-B265-D5FEE5874812}"
EndProject
Project("{8BC9CEB8-8B4A-11D0-8D11-00A0C91BC942}") = "gltools", "OpenGL\GLTools\gltools.vcxproj", "{D28E9261-60D9-4602-82A6-DC11C8D1B855}"
EndProject
Project("{8BC9CEB8-8B4A-11D0-8D11-00A0C91BC942}") = "GLFW3", "OpenGL\GLFW\glfw_win32.vcxproj", "{24FBD1A8-24D5-422B-9481-BBFDFEDEAD09}"
EndProject
Project("{8BC9CEB8-8B4A-11D0-8D11-00A0C91BC942}") = "Azul", "Azul\Azul.vcxproj", "{8445D5A3-6B43-43E5-831B-8647D2BFDCD6}"
	ProjectSection(ProjectDependencies) = postProject
		{FD013127-08DA-4CF6-A945-A90B94D65E17} = {FD013127-08DA-4CF6-A945-A90B94D65E17}
		{7064F73B-5000-4157-A2AA-6884A9B5BFF4} = {7064F73B-5000-4157-A2AA-6884A9B5BFF4}
		{D28E9261-60D9-4602-82A6-DC11C8D1B855} = {D28E9261-60D9-4602-82A6-DC11C8D1B855}
		{24FBD1A8-24D5-422B-9481-BBFDFEDEAD09} = {24FBD1A8-24D5-422B-9481-BBFDFEDEAD09}
		{585CE0E6-1593-4BF1-B265-D5FEE5874812} = {585CE0E6-1593-4BF1-B265-D5FEE5874812}
	EndProjectSection
EndProject
Global
	GlobalSection(SolutionConfigurationPlatforms) = preSolution
		Debug|Win32 = Debug|Win32
		Release|Win32 = Release|Win32
	EndGlobalSection
	GlobalSection(ProjectConfigurationPlatforms) = postSolution
		{C0BED050-044F-418F-ADC9-A391DE636599}.Debug|Win32.ActiveCfg = Debug|Win32
		{C0BED050-044F-418F-ADC9-A391DE636599}.Debug|Win32.Build.0 = Debug|Win32
		{C0BED050-044F-418F-ADC9-A391DE636599}.Release|Win32.ActiveCfg = Release|Win32
		{C0BED050-044F-418F-ADC9-A391DE636599}.Release|Win32.Build.0 = Release|Win32
		{7064F73B-5000-4157-A2AA-6884A9B5BFF4}.Debug|Win32.ActiveCfg = Debug|Win32
		{7064F73B-5000-4157-A2AA-6884A9B5BFF4}.Debug|Win32.Build.0 = Debug|Win32
		{7064F73B-5000-4157-A2AA-6884A9B5BFF4}.Release|Win32.ActiveCfg = Release|Win32
		{7064F73B-5000-4157-A2AA-6884A9B5BFF4}.Release|Win32.Build.0 = Release|Win32
		{FD013127-08DA-4CF6-A945-A90B94D65E17}.Debug|Win32.ActiveCfg = Debug|Win32
		{FD013127-08DA-4CF6-A945-A90B94D65E17}.Debug|Win32.Build.0 = Debug|Win32
		{FD013127-08DA-4CF6-A945-A90B94D65E17}.Release|Win32.ActiveCfg = Release|Win32
		{FD013127-08DA-4CF6-A945-A90B94D65E17}.Release|Win32.Build.0 = Release|Win32
		{585CE0E6-1593-4BF1-B265-D5FEE5874812}.Debug|Win32.ActiveCfg = Debug|Win32
		{585CE0E6-1593-4BF1-B265-D5FEE5874812}.Debug|Win32.Build.0 = Debug|Win32
		{585CE0E6-1593-4BF1-B265-D5FEE5874812}.Release|Win32.ActiveCfg = Release|Win32
		{585CE0E6-1593-4BF1-B265-D5FEE5874812}.Release|Win32.Build.0 = Release|Win32
		{D28E9261-60D9-4602-82A6-DC11C8D1B855}.Debug|Win32.ActiveCfg = Debug|Win32
		{D28E9261-60D9-4602-82A6-DC11C8D1B855}.Debug|Win32.Build.0 = Debug|Win32
		{D28E9261-60D9-4602-82A6-DC11C8D1B855}.Release|Win32.ActiveCfg = Release|Win32
		{D28E9261-60D9-4602-82A6-DC11C8D1B855}.Release|Win32.Build.0 = Release|Win32
		{24FBD1A8-24D5-422B-9481-BBFDFEDEAD09}.Debug|Win32.ActiveCfg = Debug|Win32
		{24FBD1A8-24D5-422B-9481-BBFDFEDEAD09}.Debug|Win32.Build.0 = Debug|Win32
		{24FBD1A8-24D5-422B-9481-BBFDFEDEAD09}.Release|Win32.ActiveCfg = Release|Win32
		{24FBD1A8-24D5-422B-9481-BBFDFEDEAD09}.Release|Win32.Build.0 = Release|Win32
		{8445D5A3-6B43-43E5-831B-8647D2BFDCD6}.Debug|Win32.ActiveCfg = Debug|Win32
		{8445D5A3-6B43-43E5-831B-8647D2BFDCD6}.Debug|Win32.Build.0 = Debug|Win32
		{8445D5A3-6B43-43E5-831B-8647D2BFDCD6}.Release|Win32.ActiveCfg = Release|Win32
		{8445D5A3-6B43-43E5-831B-8647D2BFDCD6}.Release|Win32.Build.0 = Release|Win32
	EndGlobalSection
	GlobalSection(SolutionProperties) = preSolution
		HideSolutionNode = FALSE
	EndGlobalSection
	GlobalSection(NestedProjects) = preSolution
		{7064F73B-5000-4157-A2AA-6884A9B5BFF4} = {F96F8800-01E2-4D3A-8865-9584482F46BC}
		{FD013127-08DA-4CF6-A945-A90B94D65E17} = {F96F8800-01E2-4D3A-8865-9584482F46BC}
		{585CE0E6-1593-4BF1-B265-D5FEE5874812} = {F96F8800-01E2-4D3A-8865-9584482F46BC}
		{D28E9261-60D9-4602-82A6-DC11C8D1B855} = {F96F8800-01E2-4D3A-8865-9584482F46BC}
		{24FBD1A8-24D5-422B-9481-BBFDFEDEAD09} = {F96F8800-01E2-4D3A-8865-9584482F46BC}
		{8445D5A3-6B43-43E5-831B-8647D2BFDCD6} = {F96F8800-01E2-4D3A-8865-9584482F46BC}
	EndGlobalSection
EndGlobal
